
Microsoft Visual Studio Solution File, Format Version 12.00
# Visual Studio Version 16
VisualStudioVersion = 16.0.31624.102
MinimumVisualStudioVersion = 10.0.40219.1
Project("{FAE04EC0-301F-11D3-BF4B-00C04F79EFBC}") = "Act4ListaSimple", "Act4ListaSimple.csproj", "{4D864C70-F722-4096-ADAD-2819C1A64E7A}"
EndProject
Global
	GlobalSection(SolutionConfigurationPlatforms) = preSolution
		Debug|Any CPU = Debug|Any CPU
		Release|Any CPU = Release|Any CPU
	EndGlobalSection
	GlobalSection(ProjectConfigurationPlatforms) = postSolution
		{4D864C70-F722-4096-ADAD-2819C1A64E7A}.Debug|Any CPU.ActiveCfg = Debug|Any CPU
		{4D864C70-F722-4096-ADAD-2819C1A64E7A}.Debug|Any CPU.Build.0 = Debug|Any CPU
		{4D864C70-F722-4096-ADAD-2819C1A64E7A}.Release|Any CPU.ActiveCfg = Release|Any CPU
		{4D864C70-F722-4096-ADAD-2819C1A64E7A}.Release|Any CPU.Build.0 = Release|Any CPU
	EndGlobalSection
	GlobalSection(SolutionProperties) = preSolution
		HideSolutionNode = FALSE
	EndGlobalSection
	GlobalSection(ExtensibilityGlobals) = postSolution
		SolutionGuid = {9572A862-5E6D-4035-8BA8-E1B4B8737D67}
	EndGlobalSection
EndGlobal
